schema: '2.0'
stages:
  text_extraction:
    cmd: python src/extraction.py
    deps:
    - path: data/pdf/
      hash: md5
      md5: 62572ee13abb5e2cfdf086ee9e78688e.dir
      size: 2517919
      nfiles: 4
    - path: src/extraction.py
      hash: md5
      md5: 5008385882cd8d3d1b00656f31bd8eb6
      size: 3897
    outs:
    - path: data/full-txt/
      hash: md5
      md5: 4509de8cfc76f004c9c20c901082a86f.dir
      size: 1239301
      nfiles: 4
    - path: data/risk-txt/
      hash: md5
      md5: 4220c07400cb66cc7182368e6588dc9b.dir
      size: 344120
      nfiles: 4
  generate_embeddings:
    cmd: python src/representation.py
    deps:
    - path: data/risk-txt/
      hash: md5
      md5: 4220c07400cb66cc7182368e6588dc9b.dir
      size: 344120
      nfiles: 4
    - path: models/financial-bert-mlm/
      hash: md5
      md5: beb0c392426ddb017e0f54df2927d422.dir
      size: 440101932
      nfiles: 7
    - path: src/representation.py
      hash: md5
      md5: 8670810984201b0ceb5f19c823c69a4e
      size: 3371
    outs:
    - path: data/embeddings.csv
      hash: md5
      md5: 72a158fe3c55b1f08a9e0ca201a38df8
      size: 18948257
  model_evaluation:
    cmd: python src/prediction.py
    deps:
    - path: data/embeddings.csv
      hash: md5
      md5: 72a158fe3c55b1f08a9e0ca201a38df8
      size: 18948257
    - path: models/risk-classifier.keras
      hash: md5
      md5: e7abbc341682ec238a8fb4edead48d47
      size: 1659259
    - path: models/risk-detector.keras
      hash: md5
      md5: c3285e75d46cc14e3ff703edf4cc5af3
      size: 728044
    - path: src/prediction.py
      hash: md5
      md5: 0e44176318b1f97504f5f042208f9c76
      size: 6311
    outs:
    - path: data/results.csv
      hash: md5
      md5: 572ea9853b0037fc61bf66d9efa0efe0
      size: 160804
