schema: '2.0'
stages:
  text_extraction:
    cmd: python src/extraction.py
    deps:
    - path: data/pdf/
      hash: md5
      md5: d2246c1a7727d1ba6c3c05e6264f2f8a.dir
      size: 1381001
      nfiles: 3
    - path: src/extraction.py
      hash: md5
      md5: 5008385882cd8d3d1b00656f31bd8eb6
      size: 3897
    outs:
    - path: data/full-txt/
      hash: md5
      md5: 9a043aa27d51a29cd7e22d2cef31e080.dir
      size: 610849
      nfiles: 3
    - path: data/risk-txt/
      hash: md5
      md5: 9ed396fe4c729d82ec3c5e97bad510b2.dir
      size: 206172
      nfiles: 3
  generate_embeddings:
    cmd: python src/representation.py
    deps:
    - path: data/risk-txt/
      hash: md5
      md5: 9ed396fe4c729d82ec3c5e97bad510b2.dir
      size: 206172
      nfiles: 3
    - path: models/financial-bert-mlm/
      hash: md5
      md5: beb0c392426ddb017e0f54df2927d422.dir
      size: 440101932
      nfiles: 7
    - path: src/representation.py
      hash: md5
      md5: 2342bd0b7888023ff0afc097e84b8c04
      size: 3468
    outs:
    - path: data/embeddings.csv
      hash: md5
      md5: 4cedf82d9eb05ecee205393c910480a2
      size: 9893879
  model_evaluation:
    cmd: python src/prediction.py
    deps:
    - path: data/embeddings.csv
      hash: md5
      md5: 4cedf82d9eb05ecee205393c910480a2
      size: 9893879
    - path: models/risk-classifier.keras
      hash: md5
      md5: e7abbc341682ec238a8fb4edead48d47
      size: 1659259
    - path: models/risk-detector.keras
      hash: md5
      md5: c3285e75d46cc14e3ff703edf4cc5af3
      size: 728044
    - path: src/prediction.py
      hash: md5
      md5: 2f967314095e0626a051d0e3431beee2
      size: 7127
    outs:
    - path: data/results.csv
      hash: md5
      md5: 37320b458affc5205ad45c93c46784b7
      size: 95144
