schema: '2.0'
stages:
  text_extraction:
    cmd: python src/extraction.py
    deps:
    - path: data/pdf/
      hash: md5
      md5: d2246c1a7727d1ba6c3c05e6264f2f8a.dir
      size: 1381001
      nfiles: 3
    - path: src/extraction.py
      hash: md5
      md5: 5008385882cd8d3d1b00656f31bd8eb6
      size: 3897
    outs:
    - path: data/full-txt/
      hash: md5
      md5: 9a043aa27d51a29cd7e22d2cef31e080.dir
      size: 610849
      nfiles: 3
    - path: data/risk-txt/
      hash: md5
      md5: 9ed396fe4c729d82ec3c5e97bad510b2.dir
      size: 206172
      nfiles: 3
  generate_embeddings:
    cmd: python src/representation.py
    deps:
    - path: data/risk-txt/
      hash: md5
      md5: 9ed396fe4c729d82ec3c5e97bad510b2.dir
      size: 206172
      nfiles: 3
    - path: models/financial-bert-mlm/
      hash: md5
      md5: beb0c392426ddb017e0f54df2927d422.dir
      size: 440101932
      nfiles: 7
    - path: src/representation.py
      hash: md5
      md5: 8670810984201b0ceb5f19c823c69a4e
      size: 3371
    outs:
    - path: data/embeddings.csv
      hash: md5
      md5: 8a47eb2cb80ad6f3c7f032d763a2394b
      size: 9872087
  model_evaluation:
    cmd: python src/prediction.py
    deps:
    - path: data/embeddings.csv
      hash: md5
      md5: 8a47eb2cb80ad6f3c7f032d763a2394b
      size: 9872087
    - path: models/risk-classifier.keras
      hash: md5
      md5: e7abbc341682ec238a8fb4edead48d47
      size: 1659259
    - path: models/risk-detector.keras
      hash: md5
      md5: c3285e75d46cc14e3ff703edf4cc5af3
      size: 728044
    - path: src/prediction.py
      hash: md5
      md5: a0606ec68a4870a188654caa88e70502
      size: 6243
    outs:
    - path: data/results.csv
      hash: md5
      md5: 936f4e584fff5675fced85a41d72da89
      size: 89015
